
Microsoft Visual Studio Solution File, Format Version 12.00
# Visual Studio Version 16
VisualStudioVersion = 16.0.29411.138
MinimumVisualStudioVersion = 10.0.40219.1
Project("{FAE04EC0-301F-11D3-BF4B-00C04F79EFBC}") = "CustomControlPractice.Android", "CustomControlPractice\CustomControlPractice.Android\CustomControlPractice.Android.csproj", "{BE30F6BB-1111-403C-B5CE-F6425FAE2D99}"
EndProject
Project("{FAE04EC0-301F-11D3-BF4B-00C04F79EFBC}") = "CustomControlPractice", "CustomControlPractice\CustomControlPractice\CustomControlPractice.csproj", "{7D0AFA6F-0E87-491C-ABEB-61402D4E79F6}"
EndProject
Global
	GlobalSection(SolutionConfigurationPlatforms) = preSolution
		Debug|Any CPU = Debug|Any CPU
		Release|Any CPU = Release|Any CPU
	EndGlobalSection
	GlobalSection(ProjectConfigurationPlatforms) = postSolution
		{BE30F6BB-1111-403C-B5CE-F6425FAE2D99}.Debug|Any CPU.ActiveCfg = Debug|Any CPU
		{BE30F6BB-1111-403C-B5CE-F6425FAE2D99}.Debug|Any CPU.Build.0 = Debug|Any CPU
		{BE30F6BB-1111-403C-B5CE-F6425FAE2D99}.Debug|Any CPU.Deploy.0 = Debug|Any CPU
		{BE30F6BB-1111-403C-B5CE-F6425FAE2D99}.Release|Any CPU.ActiveCfg = Release|Any CPU
		{BE30F6BB-1111-403C-B5CE-F6425FAE2D99}.Release|Any CPU.Build.0 = Release|Any CPU
		{BE30F6BB-1111-403C-B5CE-F6425FAE2D99}.Release|Any CPU.Deploy.0 = Release|Any CPU
		{7D0AFA6F-0E87-491C-ABEB-61402D4E79F6}.Debug|Any CPU.ActiveCfg = Debug|Any CPU
		{7D0AFA6F-0E87-491C-ABEB-61402D4E79F6}.Debug|Any CPU.Build.0 = Debug|Any CPU
		{7D0AFA6F-0E87-491C-ABEB-61402D4E79F6}.Debug|Any CPU.Deploy.0 = Debug|Any CPU
		{7D0AFA6F-0E87-491C-ABEB-61402D4E79F6}.Release|Any CPU.ActiveCfg = Release|Any CPU
		{7D0AFA6F-0E87-491C-ABEB-61402D4E79F6}.Release|Any CPU.Build.0 = Release|Any CPU
		{7D0AFA6F-0E87-491C-ABEB-61402D4E79F6}.Release|Any CPU.Deploy.0 = Release|Any CPU
	EndGlobalSection
	GlobalSection(SolutionProperties) = preSolution
		HideSolutionNode = FALSE
	EndGlobalSection
	GlobalSection(ExtensibilityGlobals) = postSolution
		SolutionGuid = {A14595DF-EB1D-4CD6-93BF-85E90E3F6CE1}
	EndGlobalSection
EndGlobal
